{
  "name": "wechart",
  "version": "1.0.0",
  "lockfileVersion": 1,
  "requires": true,
  "dependencies": {
    "@types/component-emitter": {
      "version": "1.2.10",
      "resolved": "https://registry.nlark.com/@types/component-emitter/download/@types/component-emitter-1.2.10.tgz?cache=0&sync_timestamp=1621240806137&other_urls=https%3A%2F%2Fregistry.nlark.com%2F%40types%2Fcomponent-emitter%2Fdownload%2F%40types%2Fcomponent-emitter-1.2.10.tgz",
      "integrity": "sha1-71sVibnxZURkLkc9tepWORB+8+o="
    },
    "@types/cookie": {
      "version": "0.4.0",
      "resolved": "https://registry.nlark.com/@types/cookie/download/@types/cookie-0.4.0.tgz",
      "integrity": "sha1-FPhUwPk9Mm452m47bzT303UT0Qg="
    },
    "@types/cors": {
      "version": "2.8.10",
      "resolved": "https://registry.nlark.com/@types/cors/download/@types/cors-2.8.10.tgz",
      "integrity": "sha1-YcyEaYSeW83QxwRBIiZcOc7BDPQ="
    },
    "@types/node": {
      "version": "15.12.2",
      "resolved": "https://registry.nlark.com/@types/node/download/@types/node-15.12.2.tgz",
      "integrity": "sha1-HytCxL5xVv9Kb5FLL7A9BfqE440="
    },
    "accepts": {
      "version": "1.3.7",
      "resolved": "https://registry.npm.taobao.org/accepts/download/accepts-1.3.7.tgz",
      "integrity": "sha1-UxvHJlF6OytB+FACHGzBXqq1B80=",
      "requires": {
        "mime-types": "~2.1.24",
        "negotiator": "0.6.2"
      }
    },
    "base64-arraybuffer": {
      "version": "0.1.4",
      "resolved": "https://registry.npm.taobao.org/base64-arraybuffer/download/base64-arraybuffer-0.1.4.tgz",
      "integrity": "sha1-mBjHngWbE1X5fgQooBfIOOkLqBI="
    },
    "base64id": {
      "version": "2.0.0",
      "resolved": "https://registry.npm.taobao.org/base64id/download/base64id-2.0.0.tgz",
      "integrity": "sha1-J3Csa8R9MSr5eov5pjQ0LgzSXLY="
    },
    "component-emitter": {
      "version": "1.3.0",
      "resolved": "https://registry.npm.taobao.org/component-emitter/download/component-emitter-1.3.0.tgz",
      "integrity": "sha1-FuQHD7qK4ptnnyIVhT7hgasuq8A="
    },
    "cookie": {
      "version": "0.4.1",
      "resolved": "https://registry.nlark.com/cookie/download/cookie-0.4.1.tgz",
      "integrity": "sha1-r9cT/ibr0hupXOth+agRblClN9E="
    },
    "cors": {
      "version": "2.8.5",
      "resolved": "https://registry.nlark.com/cors/download/cors-2.8.5.tgz",
      "integrity": "sha1-6sEdpRWS3Ya58G9uesKTs9+HXSk=",
      "requires": {
        "object-assign": "^4",
        "vary": "^1"
      }
    },
    "debug": {
      "version": "4.3.1",
      "resolved": "https://registry.npm.taobao.org/debug/download/debug-4.3.1.tgz?cache=0&sync_timestamp=1607566571506&other_urls=https%3A%2F%2Fregistry.npm.taobao.org%2Fdebug%2Fdownload%2Fdebug-4.3.1.tgz",
      "integrity": "sha1-8NIpxQXgxtjEmsVT0bE9wYP2su4=",
      "requires": {
        "ms": "2.1.2"
      }
    },
    "engine.io": {
      "version": "5.1.1",
      "resolved": "https://registry.nlark.com/engine.io/download/engine.io-5.1.1.tgz?cache=0&sync_timestamp=1621204854469&other_urls=https%3A%2F%2Fregistry.nlark.com%2Fengine.io%2Fdownload%2Fengine.io-5.1.1.tgz",
      "integrity": "sha1-ofl+Ud3xDL1NuLX/SxZarTdgzdM=",
      "requires": {
        "accepts": "~1.3.4",
        "base64id": "2.0.0",
        "cookie": "~0.4.1",
        "cors": "~2.8.5",
        "debug": "~4.3.1",
        "engine.io-parser": "~4.0.0",
        "ws": "~7.4.2"
      }
    },
    "engine.io-parser": {
      "version": "4.0.2",
      "resolved": "https://registry.npm.taobao.org/engine.io-parser/download/engine.io-parser-4.0.2.tgz?cache=0&sync_timestamp=1607330710445&other_urls=https%3A%2F%2Fregistry.npm.taobao.org%2Fengine.io-parser%2Fdownload%2Fengine.io-parser-4.0.2.tgz",
      "integrity": "sha1-5B0LP7Zve/SjZx0gOKFUAk7bUB4=",
      "requires": {
        "base64-arraybuffer": "0.1.4"
      }
    },
    "mime": {
      "version": "2.5.2",
      "resolved": "https://registry.nlark.com/mime/download/mime-2.5.2.tgz",
      "integrity": "sha1-bj3GzCuVEGQ4MOXxnVy3U9pe6r4="
    },
    "mime-db": {
      "version": "1.48.0",
      "resolved": "https://registry.nlark.com/mime-db/download/mime-db-1.48.0.tgz?cache=0&sync_timestamp=1622433556078&other_urls=https%3A%2F%2Fregistry.nlark.com%2Fmime-db%2Fdownload%2Fmime-db-1.48.0.tgz",
      "integrity": "sha1-41sxBF3X6to6qtU37YijOvvvLR0="
    },
    "mime-types": {
      "version": "2.1.31",
      "resolved": "https://registry.nlark.com/mime-types/download/mime-types-2.1.31.tgz?cache=0&sync_timestamp=1622569162264&other_urls=https%3A%2F%2Fregistry.nlark.com%2Fmime-types%2Fdownload%2Fmime-types-2.1.31.tgz",
      "integrity": "sha1-oA12t0MXxh+cLbIhi46fjpxcnms=",
      "requires": {
        "mime-db": "1.48.0"
      }
    },
    "ms": {
      "version": "2.1.2",
      "resolved": "https://registry.npm.taobao.org/ms/download/ms-2.1.2.tgz?cache=0&sync_timestamp=1607433872491&other_urls=https%3A%2F%2Fregistry.npm.taobao.org%2Fms%2Fdownload%2Fms-2.1.2.tgz",
      "integrity": "sha1-0J0fNXtEP0kzgqjrPM0YOHKuYAk="
    },
    "negotiator": {
      "version": "0.6.2",
      "resolved": "https://registry.nlark.com/negotiator/download/negotiator-0.6.2.tgz",
      "integrity": "sha1-/qz3zPUlp3rpY0Q2pkiD/+yjRvs="
    },
    "object-assign": {
      "version": "4.1.1",
      "resolved": "https://registry.nlark.com/object-assign/download/object-assign-4.1.1.tgz?cache=0&sync_timestamp=1618847240432&other_urls=https%3A%2F%2Fregistry.nlark.com%2Fobject-assign%2Fdownload%2Fobject-assign-4.1.1.tgz",
      "integrity": "sha1-IQmtx5ZYh8/AXLvUQsrIv7s2CGM="
    },
    "socket.io": {
      "version": "4.1.2",
      "resolved": "https://registry.nlark.com/socket.io/download/socket.io-4.1.2.tgz",
      "integrity": "sha1-+Q+QAqjVUO/iqh0yDe67mkW4MjM=",
      "requires": {
        "@types/cookie": "^0.4.0",
        "@types/cors": "^2.8.8",
        "@types/node": ">=10.0.0",
        "accepts": "~1.3.4",
        "base64id": "~2.0.0",
        "debug": "~4.3.1",
        "engine.io": "~5.1.0",
        "socket.io-adapter": "~2.3.0",
        "socket.io-parser": "~4.0.3"
      }
    },
    "socket.io-adapter": {
      "version": "2.3.1",
      "resolved": "https://registry.nlark.com/socket.io-adapter/download/socket.io-adapter-2.3.1.tgz?cache=0&sync_timestamp=1621465246751&other_urls=https%3A%2F%2Fregistry.nlark.com%2Fsocket.io-adapter%2Fdownload%2Fsocket.io-adapter-2.3.1.tgz",
      "integrity": "sha1-pEJyDLCaSCPPuBKH3aH5tS1MzbI="
    },
    "socket.io-parser": {
      "version": "4.0.4",
      "resolved": "https://registry.npm.taobao.org/socket.io-parser/download/socket.io-parser-4.0.4.tgz?cache=0&sync_timestamp=1610669705096&other_urls=https%3A%2F%2Fregistry.npm.taobao.org%2Fsocket.io-parser%2Fdownload%2Fsocket.io-parser-4.0.4.tgz",
      "integrity": "sha1-nqIbDWFQjRgZbvBKLGuatjD0wrA=",
      "requires": {
        "@types/component-emitter": "^1.2.10",
        "component-emitter": "~1.3.0",
        "debug": "~4.3.1"
      }
    },
    "vary": {
      "version": "1.1.2",
      "resolved": "https://registry.nlark.com/vary/download/vary-1.1.2.tgz",
      "integrity": "sha1-IpnwLG3tMNSllhsLn3RSShj2NPw="
    },
    "ws": {
      "version": "7.4.6",
      "resolved": "https://registry.nlark.com/ws/download/ws-7.4.6.tgz",
      "integrity": "sha1-VlTKjs3u5HwzqaS/bSjivimAN3w="
    }
  }
}
